
Microsoft Visual Studio Solution File, Format Version 12.00
# Visual Studio 15
VisualStudioVersion = 15.0.28307.329
MinimumVisualStudioVersion = 10.0.40219.1
Project("{FAE04EC0-301F-11D3-BF4B-00C04F79EFBC}") = "SocialLogin.Android", "SocialLogin\SocialLogin.Android\SocialLogin.Android.csproj", "{F0F6D503-2542-429D-A589-961BF125C968}"
EndProject
Project("{FAE04EC0-301F-11D3-BF4B-00C04F79EFBC}") = "SocialLogin.iOS", "SocialLogin\SocialLogin.iOS\SocialLogin.iOS.csproj", "{200B2F4F-98B6-469C-8DBF-E67DE1FD714C}"
EndProject
Project("{9A19103F-16F7-4668-BE54-9A1E7A4F7556}") = "SocialLogin", "SocialLogin\SocialLogin\SocialLogin.csproj", "{E77040FD-776A-4C81-8894-23DB9B85655D}"
EndProject
Global
	GlobalSection(SolutionConfigurationPlatforms) = preSolution
		Ad-Hoc|Any CPU = Ad-Hoc|Any CPU
		Ad-Hoc|iPhone = Ad-Hoc|iPhone
		Ad-Hoc|iPhoneSimulator = Ad-Hoc|iPhoneSimulator
		AppStore|Any CPU = AppStore|Any CPU
		AppStore|iPhone = AppStore|iPhone
		AppStore|iPhoneSimulator = AppStore|iPhoneSimulator
		Debug|Any CPU = Debug|Any CPU
		Debug|iPhone = Debug|iPhone
		Debug|iPhoneSimulator = Debug|iPhoneSimulator
		Release|Any CPU = Release|Any CPU
		Release|iPhone = Release|iPhone
		Release|iPhoneSimulator = Release|iPhoneSimulator
	EndGlobalSection
	GlobalSection(ProjectConfigurationPlatforms) = postSolution
		{F0F6D503-2542-429D-A589-961BF125C968}.Ad-Hoc|Any CPU.ActiveCfg = Release|Any CPU
		{F0F6D503-2542-429D-A589-961BF125C968}.Ad-Hoc|Any CPU.Build.0 = Release|Any CPU
		{F0F6D503-2542-429D-A589-961BF125C968}.Ad-Hoc|Any CPU.Deploy.0 = Release|Any CPU
		{F0F6D503-2542-429D-A589-961BF125C968}.Ad-Hoc|iPhone.ActiveCfg = Release|Any CPU
		{F0F6D503-2542-429D-A589-961BF125C968}.Ad-Hoc|iPhone.Build.0 = Release|Any CPU
		{F0F6D503-2542-429D-A589-961BF125C968}.Ad-Hoc|iPhone.Deploy.0 = Release|Any CPU
		{F0F6D503-2542-429D-A589-961BF125C968}.Ad-Hoc|iPhoneSimulator.ActiveCfg = Release|Any CPU
		{F0F6D503-2542-429D-A589-961BF125C968}.Ad-Hoc|iPhoneSimulator.Build.0 = Release|Any CPU
		{F0F6D503-2542-429D-A589-961BF125C968}.Ad-Hoc|iPhoneSimulator.Deploy.0 = Release|Any CPU
		{F0F6D503-2542-429D-A589-961BF125C968}.AppStore|Any CPU.ActiveCfg = Release|Any CPU
		{F0F6D503-2542-429D-A589-961BF125C968}.AppStore|Any CPU.Build.0 = Release|Any CPU
		{F0F6D503-2542-429D-A589-961BF125C968}.AppStore|Any CPU.Deploy.0 = Release|Any CPU
		{F0F6D503-2542-429D-A589-961BF125C968}.AppStore|iPhone.ActiveCfg = Release|Any CPU
		{F0F6D503-2542-429D-A589-961BF125C968}.AppStore|iPhone.Build.0 = Release|Any CPU
		{F0F6D503-2542-429D-A589-961BF125C968}.AppStore|iPhone.Deploy.0 = Release|Any CPU
		{F0F6D503-2542-429D-A589-961BF125C968}.AppStore|iPhoneSimulator.ActiveCfg = Release|Any CPU
		{F0F6D503-2542-429D-A589-961BF125C968}.AppStore|iPhoneSimulator.Build.0 = Release|Any CPU
		{F0F6D503-2542-429D-A589-961BF125C968}.AppStore|iPhoneSimulator.Deploy.0 = Release|Any CPU
		{F0F6D503-2542-429D-A589-961BF125C968}.Debug|Any CPU.ActiveCfg = Debug|Any CPU
		{F0F6D503-2542-429D-A589-961BF125C968}.Debug|Any CPU.Build.0 = Debug|Any CPU
		{F0F6D503-2542-429D-A589-961BF125C968}.Debug|Any CPU.Deploy.0 = Debug|Any CPU
		{F0F6D503-2542-429D-A589-961BF125C968}.Debug|iPhone.ActiveCfg = Debug|Any CPU
		{F0F6D503-2542-429D-A589-961BF125C968}.Debug|iPhone.Build.0 = Debug|Any CPU
		{F0F6D503-2542-429D-A589-961BF125C968}.Debug|iPhone.Deploy.0 = Debug|Any CPU
		{F0F6D503-2542-429D-A589-961BF125C968}.Debug|iPhoneSimulator.ActiveCfg = Debug|Any CPU
		{F0F6D503-2542-429D-A589-961BF125C968}.Debug|iPhoneSimulator.Build.0 = Debug|Any CPU
		{F0F6D503-2542-429D-A589-961BF125C968}.Debug|iPhoneSimulator.Deploy.0 = Debug|Any CPU
		{F0F6D503-2542-429D-A589-961BF125C968}.Release|Any CPU.ActiveCfg = Release|Any CPU
		{F0F6D503-2542-429D-A589-961BF125C968}.Release|Any CPU.Build.0 = Release|Any CPU
		{F0F6D503-2542-429D-A589-961BF125C968}.Release|Any CPU.Deploy.0 = Release|Any CPU
		{F0F6D503-2542-429D-A589-961BF125C968}.Release|iPhone.ActiveCfg = Release|Any CPU
		{F0F6D503-2542-429D-A589-961BF125C968}.Release|iPhone.Build.0 = Release|Any CPU
		{F0F6D503-2542-429D-A589-961BF125C968}.Release|iPhone.Deploy.0 = Release|Any CPU
		{F0F6D503-2542-429D-A589-961BF125C968}.Release|iPhoneSimulator.ActiveCfg = Release|Any CPU
		{F0F6D503-2542-429D-A589-961BF125C968}.Release|iPhoneSimulator.Build.0 = Release|Any CPU
		{F0F6D503-2542-429D-A589-961BF125C968}.Release|iPhoneSimulator.Deploy.0 = Release|Any CPU
		{200B2F4F-98B6-469C-8DBF-E67DE1FD714C}.Ad-Hoc|Any CPU.ActiveCfg = Ad-Hoc|iPhone
		{200B2F4F-98B6-469C-8DBF-E67DE1FD714C}.Ad-Hoc|Any CPU.Build.0 = Ad-Hoc|iPhone
		{200B2F4F-98B6-469C-8DBF-E67DE1FD714C}.Ad-Hoc|Any CPU.Deploy.0 = Ad-Hoc|iPhone
		{200B2F4F-98B6-469C-8DBF-E67DE1FD714C}.Ad-Hoc|iPhone.ActiveCfg = Ad-Hoc|iPhone
		{200B2F4F-98B6-469C-8DBF-E67DE1FD714C}.Ad-Hoc|iPhone.Build.0 = Ad-Hoc|iPhone
		{200B2F4F-98B6-469C-8DBF-E67DE1FD714C}.Ad-Hoc|iPhone.Deploy.0 = Ad-Hoc|iPhone
		{200B2F4F-98B6-469C-8DBF-E67DE1FD714C}.Ad-Hoc|iPhoneSimulator.ActiveCfg = Ad-Hoc|iPhoneSimulator
		{200B2F4F-98B6-469C-8DBF-E67DE1FD714C}.Ad-Hoc|iPhoneSimulator.Build.0 = Ad-Hoc|iPhoneSimulator
		{200B2F4F-98B6-469C-8DBF-E67DE1FD714C}.Ad-Hoc|iPhoneSimulator.Deploy.0 = Ad-Hoc|iPhoneSimulator
		{200B2F4F-98B6-469C-8DBF-E67DE1FD714C}.AppStore|Any CPU.ActiveCfg = AppStore|iPhone
		{200B2F4F-98B6-469C-8DBF-E67DE1FD714C}.AppStore|Any CPU.Build.0 = AppStore|iPhone
		{200B2F4F-98B6-469C-8DBF-E67DE1FD714C}.AppStore|Any CPU.Deploy.0 = AppStore|iPhone
		{200B2F4F-98B6-469C-8DBF-E67DE1FD714C}.AppStore|iPhone.ActiveCfg = AppStore|iPhone
		{200B2F4F-98B6-469C-8DBF-E67DE1FD714C}.AppStore|iPhone.Build.0 = AppStore|iPhone
		{200B2F4F-98B6-469C-8DBF-E67DE1FD714C}.AppStore|iPhone.Deploy.0 = AppStore|iPhone
		{200B2F4F-98B6-469C-8DBF-E67DE1FD714C}.AppStore|iPhoneSimulator.ActiveCfg = AppStore|iPhoneSimulator
		{200B2F4F-98B6-469C-8DBF-E67DE1FD714C}.AppStore|iPhoneSimulator.Build.0 = AppStore|iPhoneSimulator
		{200B2F4F-98B6-469C-8DBF-E67DE1FD714C}.AppStore|iPhoneSimulator.Deploy.0 = AppStore|iPhoneSimulator
		{200B2F4F-98B6-469C-8DBF-E67DE1FD714C}.Debug|Any CPU.ActiveCfg = Debug|iPhoneSimulator
		{200B2F4F-98B6-469C-8DBF-E67DE1FD714C}.Debug|Any CPU.Deploy.0 = Debug|iPhoneSimulator
		{200B2F4F-98B6-469C-8DBF-E67DE1FD714C}.Debug|iPhone.ActiveCfg = Debug|iPhone
		{200B2F4F-98B6-469C-8DBF-E67DE1FD714C}.Debug|iPhone.Build.0 = Debug|iPhone
		{200B2F4F-98B6-469C-8DBF-E67DE1FD714C}.Debug|iPhone.Deploy.0 = Debug|iPhone
		{200B2F4F-98B6-469C-8DBF-E67DE1FD714C}.Debug|iPhoneSimulator.ActiveCfg = Debug|iPhoneSimulator
		{200B2F4F-98B6-469C-8DBF-E67DE1FD714C}.Debug|iPhoneSimulator.Build.0 = Debug|iPhoneSimulator
		{200B2F4F-98B6-469C-8DBF-E67DE1FD714C}.Debug|iPhoneSimulator.Deploy.0 = Debug|iPhoneSimulator
		{200B2F4F-98B6-469C-8DBF-E67DE1FD714C}.Release|Any CPU.ActiveCfg = Release|iPhone
		{200B2F4F-98B6-469C-8DBF-E67DE1FD714C}.Release|Any CPU.Build.0 = Release|iPhone
		{200B2F4F-98B6-469C-8DBF-E67DE1FD714C}.Release|Any CPU.Deploy.0 = Release|iPhone
		{200B2F4F-98B6-469C-8DBF-E67DE1FD714C}.Release|iPhone.ActiveCfg = Release|iPhone
		{200B2F4F-98B6-469C-8DBF-E67DE1FD714C}.Release|iPhone.Build.0 = Release|iPhone
		{200B2F4F-98B6-469C-8DBF-E67DE1FD714C}.Release|iPhone.Deploy.0 = Release|iPhone
		{200B2F4F-98B6-469C-8DBF-E67DE1FD714C}.Release|iPhoneSimulator.ActiveCfg = Release|iPhoneSimulator
		{200B2F4F-98B6-469C-8DBF-E67DE1FD714C}.Release|iPhoneSimulator.Build.0 = Release|iPhoneSimulator
		{200B2F4F-98B6-469C-8DBF-E67DE1FD714C}.Release|iPhoneSimulator.Deploy.0 = Release|iPhoneSimulator
		{E77040FD-776A-4C81-8894-23DB9B85655D}.Ad-Hoc|Any CPU.ActiveCfg = Debug|Any CPU
		{E77040FD-776A-4C81-8894-23DB9B85655D}.Ad-Hoc|Any CPU.Build.0 = Debug|Any CPU
		{E77040FD-776A-4C81-8894-23DB9B85655D}.Ad-Hoc|Any CPU.Deploy.0 = Debug|Any CPU
		{E77040FD-776A-4C81-8894-23DB9B85655D}.Ad-Hoc|iPhone.ActiveCfg = Debug|Any CPU
		{E77040FD-776A-4C81-8894-23DB9B85655D}.Ad-Hoc|iPhone.Build.0 = Debug|Any CPU
		{E77040FD-776A-4C81-8894-23DB9B85655D}.Ad-Hoc|iPhone.Deploy.0 = Debug|Any CPU
		{E77040FD-776A-4C81-8894-23DB9B85655D}.Ad-Hoc|iPhoneSimulator.ActiveCfg = Debug|Any CPU
		{E77040FD-776A-4C81-8894-23DB9B85655D}.Ad-Hoc|iPhoneSimulator.Build.0 = Debug|Any CPU
		{E77040FD-776A-4C81-8894-23DB9B85655D}.Ad-Hoc|iPhoneSimulator.Deploy.0 = Debug|Any CPU
		{E77040FD-776A-4C81-8894-23DB9B85655D}.AppStore|Any CPU.ActiveCfg = Debug|Any CPU
		{E77040FD-776A-4C81-8894-23DB9B85655D}.AppStore|Any CPU.Build.0 = Debug|Any CPU
		{E77040FD-776A-4C81-8894-23DB9B85655D}.AppStore|Any CPU.Deploy.0 = Debug|Any CPU
		{E77040FD-776A-4C81-8894-23DB9B85655D}.AppStore|iPhone.ActiveCfg = Debug|Any CPU
		{E77040FD-776A-4C81-8894-23DB9B85655D}.AppStore|iPhone.Build.0 = Debug|Any CPU
		{E77040FD-776A-4C81-8894-23DB9B85655D}.AppStore|iPhone.Deploy.0 = Debug|Any CPU
		{E77040FD-776A-4C81-8894-23DB9B85655D}.AppStore|iPhoneSimulator.ActiveCfg = Debug|Any CPU
		{E77040FD-776A-4C81-8894-23DB9B85655D}.AppStore|iPhoneSimulator.Build.0 = Debug|Any CPU
		{E77040FD-776A-4C81-8894-23DB9B85655D}.AppStore|iPhoneSimulator.Deploy.0 = Debug|Any CPU
		{E77040FD-776A-4C81-8894-23DB9B85655D}.Debug|Any CPU.ActiveCfg = Debug|Any CPU
		{E77040FD-776A-4C81-8894-23DB9B85655D}.Debug|Any CPU.Build.0 = Debug|Any CPU
		{E77040FD-776A-4C81-8894-23DB9B85655D}.Debug|Any CPU.Deploy.0 = Debug|Any CPU
		{E77040FD-776A-4C81-8894-23DB9B85655D}.Debug|iPhone.ActiveCfg = Debug|Any CPU
		{E77040FD-776A-4C81-8894-23DB9B85655D}.Debug|iPhone.Build.0 = Debug|Any CPU
		{E77040FD-776A-4C81-8894-23DB9B85655D}.Debug|iPhone.Deploy.0 = Debug|Any CPU
		{E77040FD-776A-4C81-8894-23DB9B85655D}.Debug|iPhoneSimulator.ActiveCfg = Debug|Any CPU
		{E77040FD-776A-4C81-8894-23DB9B85655D}.Debug|iPhoneSimulator.Build.0 = Debug|Any CPU
		{E77040FD-776A-4C81-8894-23DB9B85655D}.Debug|iPhoneSimulator.Deploy.0 = Debug|Any CPU
		{E77040FD-776A-4C81-8894-23DB9B85655D}.Release|Any CPU.ActiveCfg = Release|Any CPU
		{E77040FD-776A-4C81-8894-23DB9B85655D}.Release|Any CPU.Build.0 = Release|Any CPU
		{E77040FD-776A-4C81-8894-23DB9B85655D}.Release|Any CPU.Deploy.0 = Release|Any CPU
		{E77040FD-776A-4C81-8894-23DB9B85655D}.Release|iPhone.ActiveCfg = Release|Any CPU
		{E77040FD-776A-4C81-8894-23DB9B85655D}.Release|iPhone.Build.0 = Release|Any CPU
		{E77040FD-776A-4C81-8894-23DB9B85655D}.Release|iPhone.Deploy.0 = Release|Any CPU
		{E77040FD-776A-4C81-8894-23DB9B85655D}.Release|iPhoneSimulator.ActiveCfg = Release|Any CPU
		{E77040FD-776A-4C81-8894-23DB9B85655D}.Release|iPhoneSimulator.Build.0 = Release|Any CPU
		{E77040FD-776A-4C81-8894-23DB9B85655D}.Release|iPhoneSimulator.Deploy.0 = Release|Any CPU
	EndGlobalSection
	GlobalSection(SolutionProperties) = preSolution
		HideSolutionNode = FALSE
	EndGlobalSection
	GlobalSection(ExtensibilityGlobals) = postSolution
		SolutionGuid = {449A821C-065D-4551-A602-8401485E6FA5}
	EndGlobalSection
EndGlobal
